
Microsoft Visual Studio Solution File, Format Version 12.00
# Visual Studio Version 16
VisualStudioVersion = 16.0.34601.136
MinimumVisualStudioVersion = 10.0.40219.1
Project("{FAE04EC0-301F-11D3-BF4B-00C04F79EFBC}") = "SoftUni_SpaceBattle", "SoftUni_SpaceBattle\SoftUni_SpaceBattle.csproj", "{E40E6F5D-8941-4946-8844-904A6822E9FD}"
EndProject
Global
	GlobalSection(SolutionConfigurationPlatforms) = preSolution
		Debug|Any CPU = Debug|Any CPU
		Release|Any CPU = Release|Any CPU
	EndGlobalSection
	GlobalSection(ProjectConfigurationPlatforms) = postSolution
		{E40E6F5D-8941-4946-8844-904A6822E9FD}.Debug|Any CPU.ActiveCfg = Debug|Any CPU
		{E40E6F5D-8941-4946-8844-904A6822E9FD}.Debug|Any CPU.Build.0 = Debug|Any CPU
		{E40E6F5D-8941-4946-8844-904A6822E9FD}.Release|Any CPU.ActiveCfg = Release|Any CPU
		{E40E6F5D-8941-4946-8844-904A6822E9FD}.Release|Any CPU.Build.0 = Release|Any CPU
	EndGlobalSection
	GlobalSection(SolutionProperties) = preSolution
		HideSolutionNode = FALSE
	EndGlobalSection
	GlobalSection(ExtensibilityGlobals) = postSolution
		SolutionGuid = {47480296-1381-4027-841E-3D95E2E1F958}
	EndGlobalSection
EndGlobal
