
Microsoft Visual Studio Solution File, Format Version 12.00
# Visual Studio Version 16
VisualStudioVersion = 16.0.34601.136
MinimumVisualStudioVersion = 10.0.40219.1
Project("{FAE04EC0-301F-11D3-BF4B-00C04F79EFBC}") = "Game2048", "Game2048\Game2048.csproj", "{98BC161A-08E7-4E0B-AF2C-52C8E6D02797}"
EndProject
Global
	GlobalSection(SolutionConfigurationPlatforms) = preSolution
		Debug|Any CPU = Debug|Any CPU
		Release|Any CPU = Release|Any CPU
	EndGlobalSection
	GlobalSection(ProjectConfigurationPlatforms) = postSolution
		{98BC161A-08E7-4E0B-AF2C-52C8E6D02797}.Debug|Any CPU.ActiveCfg = Debug|Any CPU
		{98BC161A-08E7-4E0B-AF2C-52C8E6D02797}.Debug|Any CPU.Build.0 = Debug|Any CPU
		{98BC161A-08E7-4E0B-AF2C-52C8E6D02797}.Release|Any CPU.ActiveCfg = Release|Any CPU
		{98BC161A-08E7-4E0B-AF2C-52C8E6D02797}.Release|Any CPU.Build.0 = Release|Any CPU
	EndGlobalSection
	GlobalSection(SolutionProperties) = preSolution
		HideSolutionNode = FALSE
	EndGlobalSection
	GlobalSection(ExtensibilityGlobals) = postSolution
		SolutionGuid = {92AC4767-C96D-4A45-A632-A473C6EA8962}
	EndGlobalSection
EndGlobal
